// !$*UTF8*$!
{
	archiveVersion = 1;
	classes = {
	};
	objectVersion = 46;
	objects = {

/* Begin PBXBuildFile section */
		8A1F885216EB2A02007FB912 /* libz.dylib in Frameworks */ = {isa = PBXBuildFile; fileRef = 8A1F885116EB2A02007FB912 /* libz.dylib */; };
		8A1F885816EB2A6A007FB912 /* libiconv.dylib in Frameworks */ = {isa = PBXBuildFile; fileRef = 8A1F885716EB2A6A007FB912 /* libiconv.dylib */; };
		8A3FE87116F5AABC009BF55F /* Cocoa.framework in Frameworks */ = {isa = PBXBuildFile; fileRef = 8A3FE87016F5AABC009BF55F /* Cocoa.framework */; };
		8A3FE89516F5B273009BF55F /* EasyMount.m in Sources */ = {isa = PBXBuildFile; fileRef = 8A3FE89216F5B235009BF55F /* EasyMount.m */; };
		8AC13D4616ECA65600EBCF0F /* fuseiso.c in Sources */ = {isa = PBXBuildFile; fileRef = 8AC13D4316ECA65600EBCF0F /* fuseiso.c */; };
		8AC13D4716ECA65600EBCF0F /* isofs.cpp in Sources */ = {isa = PBXBuildFile; fileRef = 8AC13D4416ECA65600EBCF0F /* isofs.cpp */; };
		8AC13D4C16ECA67D00EBCF0F /* libmacfuse_i64.2.dylib in Frameworks */ = {isa = PBXBuildFile; fileRef = 8AC13D4B16ECA67D00EBCF0F /* libmacfuse_i64.2.dylib */; };
/* End PBXBuildFile section */

/* Begin PBXContainerItemProxy section */
		8A3FE8AA16F5B5E1009BF55F /* PBXContainerItemProxy */ = {
			isa = PBXContainerItemProxy;
			containerPortal = 8A4E38AD16EA4A8900FB40C5 /* Project object */;
			proxyType = 1;
			remoteGlobalIDString = 8A4E38B516EA4A8900FB40C5;
			remoteInfo = fuseiso;
		};
/* End PBXContainerItemProxy section */

/* Begin PBXCopyFilesBuildPhase section */
		8A4E38B416EA4A8900FB40C5 /* CopyFiles */ = {
			isa = PBXCopyFilesBuildPhase;
			buildActionMask = 2147483647;
			dstPath = /usr/share/man/man1/;
			dstSubfolderSpec = 0;
			files = (
			);
			runOnlyForDeploymentPostprocessing = 1;
		};
/* End PBXCopyFilesBuildPhase section */

/* Begin PBXFileReference section */
		8A1F885116EB2A02007FB912 /* libz.dylib */ = {isa = PBXFileReference; lastKnownFileType = "compiled.mach-o.dylib"; name = libz.dylib; path = usr/lib/libz.dylib; sourceTree = SDKROOT; };
		8A1F885716EB2A6A007FB912 /* libiconv.dylib */ = {isa = PBXFileReference; lastKnownFileType = "compiled.mach-o.dylib"; name = libiconv.dylib; path = usr/lib/libiconv.dylib; sourceTree = SDKROOT; };
		8A3FE86D16F5AABC009BF55F /* EasyMount.app */ = {isa = PBXFileReference; explicitFileType = wrapper.application; includeInIndex = 0; path = EasyMount.app; sourceTree = BUILT_PRODUCTS_DIR; };
		8A3FE87016F5AABC009BF55F /* Cocoa.framework */ = {isa = PBXFileReference; lastKnownFileType = wrapper.framework; name = Cocoa.framework; path = System/Library/Frameworks/Cocoa.framework; sourceTree = SDKROOT; };
		8A3FE89216F5B235009BF55F /* EasyMount.m */ = {isa = PBXFileReference; fileEncoding = 4; lastKnownFileType = sourcecode.c.objc; path = EasyMount.m; sourceTree = "<group>"; };
		8A3FE89316F5B235009BF55F /* EasyMount-Info.plist */ = {isa = PBXFileReference; fileEncoding = 4; lastKnownFileType = text.plist.xml; path = "EasyMount-Info.plist"; sourceTree = "<group>"; };
		8A4E38B616EA4A8900FB40C5 /* fuseiso */ = {isa = PBXFileReference; explicitFileType = "compiled.mach-o.executable"; includeInIndex = 0; path = fuseiso; sourceTree = BUILT_PRODUCTS_DIR; };
		8AC13D4316ECA65600EBCF0F /* fuseiso.c */ = {isa = PBXFileReference; fileEncoding = 4; lastKnownFileType = sourcecode.c.c; path = fuseiso.c; sourceTree = "<group>"; };
		8AC13D4416ECA65600EBCF0F /* isofs.cpp */ = {isa = PBXFileReference; fileEncoding = 4; lastKnownFileType = sourcecode.cpp.cpp; path = isofs.cpp; sourceTree = "<group>"; };
		8AC13D4516ECA65600EBCF0F /* isofs.h */ = {isa = PBXFileReference; fileEncoding = 4; lastKnownFileType = sourcecode.c.h; path = isofs.h; sourceTree = "<group>"; };
		8AC13D4916ECA66600EBCF0F /* iso_fs.h */ = {isa = PBXFileReference; fileEncoding = 4; lastKnownFileType = sourcecode.c.h; path = iso_fs.h; sourceTree = "<group>"; };
		8AC13D4A16ECA66600EBCF0F /* rock.h */ = {isa = PBXFileReference; fileEncoding = 4; lastKnownFileType = sourcecode.c.h; path = rock.h; sourceTree = "<group>"; };
		8AC13D4B16ECA67D00EBCF0F /* libmacfuse_i64.2.dylib */ = {isa = PBXFileReference; lastKnownFileType = "compiled.mach-o.dylib"; name = libmacfuse_i64.2.dylib; path = /usr/local/lib/libmacfuse_i64.2.dylib; sourceTree = "<absolute>"; };
/* End PBXFileReference section */

/* Begin PBXFrameworksBuildPhase section */
		8A3FE86A16F5AABC009BF55F /* Frameworks */ = {
			isa = PBXFrameworksBuildPhase;
			buildActionMask = 2147483647;
			files = (
				8A3FE87116F5AABC009BF55F /* Cocoa.framework in Frameworks */,
			);
			runOnlyForDeploymentPostprocessing = 0;
		};
		8A4E38B316EA4A8900FB40C5 /* Frameworks */ = {
			isa = PBXFrameworksBuildPhase;
			buildActionMask = 2147483647;
			files = (
				8A1F885816EB2A6A007FB912 /* libiconv.dylib in Frameworks */,
				8A1F885216EB2A02007FB912 /* libz.dylib in Frameworks */,
				8AC13D4C16ECA67D00EBCF0F /* libmacfuse_i64.2.dylib in Frameworks */,
			);
			runOnlyForDeploymentPostprocessing = 0;
		};
/* End PBXFrameworksBuildPhase section */

/* Begin PBXGroup section */
		8A1F885016EB29E2007FB912 /* Dependencies */ = {
			isa = PBXGroup;
			children = (
				8A3FE87016F5AABC009BF55F /* Cocoa.framework */,
				8A1F885716EB2A6A007FB912 /* libiconv.dylib */,
				8A1F885116EB2A02007FB912 /* libz.dylib */,
				8AC13D4B16ECA67D00EBCF0F /* libmacfuse_i64.2.dylib */,
			);
			name = Dependencies;
			sourceTree = "<group>";
		};
		8A3FE89116F5B235009BF55F /* EasyMount */ = {
			isa = PBXGroup;
			children = (
				8A3FE89216F5B235009BF55F /* EasyMount.m */,
				8A3FE89316F5B235009BF55F /* EasyMount-Info.plist */,
			);
			path = EasyMount;
			sourceTree = "<group>";
		};
		8A4E38AB16EA4A8900FB40C5 = {
			isa = PBXGroup;
			children = (
				8AC13D4216ECA65600EBCF0F /* FuseISO */,
				8A3FE89116F5B235009BF55F /* EasyMount */,
				8A1F885016EB29E2007FB912 /* Dependencies */,
				8A4E38B716EA4A8900FB40C5 /* Products */,
			);
			sourceTree = "<group>";
		};
		8A4E38B716EA4A8900FB40C5 /* Products */ = {
			isa = PBXGroup;
			children = (
				8A4E38B616EA4A8900FB40C5 /* fuseiso */,
				8A3FE86D16F5AABC009BF55F /* EasyMount.app */,
			);
			name = Products;
			sourceTree = "<group>";
		};
		8AC13D4216ECA65600EBCF0F /* FuseISO */ = {
			isa = PBXGroup;
			children = (
				8AC13D4816ECA66600EBCF0F /* linux */,
				8AC13D4316ECA65600EBCF0F /* fuseiso.c */,
				8AC13D4416ECA65600EBCF0F /* isofs.cpp */,
				8AC13D4516ECA65600EBCF0F /* isofs.h */,
			);
			name = FuseISO;
			path = src;
			sourceTree = "<group>";
			usesTabs = 0;
		};
		8AC13D4816ECA66600EBCF0F /* linux */ = {
			isa = PBXGroup;
			children = (
				8AC13D4916ECA66600EBCF0F /* iso_fs.h */,
				8AC13D4A16ECA66600EBCF0F /* rock.h */,
			);
			path = linux;
			sourceTree = SOURCE_ROOT;
		};
/* End PBXGroup section */

/* Begin PBXNativeTarget section */
		8A3FE86C16F5AABC009BF55F /* EasyMount */ = {
			isa = PBXNativeTarget;
			buildConfigurationList = 8A3FE88A16F5AABC009BF55F /* Build configuration list for PBXNativeTarget "EasyMount" */;
			buildPhases = (
				8A3FE86916F5AABC009BF55F /* Sources */,
				8A3FE86A16F5AABC009BF55F /* Frameworks */,
				8A3FE86B16F5AABC009BF55F /* Resources */,
			);
			buildRules = (
			);
			dependencies = (
				8A3FE8AB16F5B5E1009BF55F /* PBXTargetDependency */,
			);
			name = EasyMount;
			productName = EasyMount;
			productReference = 8A3FE86D16F5AABC009BF55F /* EasyMount.app */;
			productType = "com.apple.product-type.application";
		};
		8A4E38B516EA4A8900FB40C5 /* fuseiso */ = {
			isa = PBXNativeTarget;
			buildConfigurationList = 8A4E38C016EA4A8900FB40C5 /* Build configuration list for PBXNativeTarget "fuseiso" */;
			buildPhases = (
				8AC13D4D16ECABE900EBCF0F /* Check OSXFUSE Installation */,
				8A4E38B216EA4A8900FB40C5 /* Sources */,
				8A4E38B316EA4A8900FB40C5 /* Frameworks */,
				8A4E38B416EA4A8900FB40C5 /* CopyFiles */,
			);
			buildRules = (
			);
			dependencies = (
			);
			name = fuseiso;
			productName = fuseiso;
			productReference = 8A4E38B616EA4A8900FB40C5 /* fuseiso */;
			productType = "com.apple.product-type.tool";
		};
/* End PBXNativeTarget section */

/* Begin PBXProject section */
		8A4E38AD16EA4A8900FB40C5 /* Project object */ = {
			isa = PBXProject;
			attributes = {
				LastUpgradeCheck = 0450;
				ORGANIZATIONNAME = company;
			};
			buildConfigurationList = 8A4E38B016EA4A8900FB40C5 /* Build configuration list for PBXProject "fuseiso" */;
			compatibilityVersion = "Xcode 3.2";
			developmentRegion = English;
			hasScannedForEncodings = 0;
			knownRegions = (
				en,
			);
			mainGroup = 8A4E38AB16EA4A8900FB40C5;
			productRefGroup = 8A4E38B716EA4A8900FB40C5 /* Products */;
			projectDirPath = "";
			projectRoot = "";
			targets = (
				8A4E38B516EA4A8900FB40C5 /* fuseiso */,
				8A3FE86C16F5AABC009BF55F /* EasyMount */,
			);
		};
/* End PBXProject section */

/* Begin PBXResourcesBuildPhase section */
		8A3FE86B16F5AABC009BF55F /* Resources */ = {
			isa = PBXResourcesBuildPhase;
			buildActionMask = 2147483647;
			files = (
			);
			runOnlyForDeploymentPostprocessing = 0;
		};
/* End PBXResourcesBuildPhase section */

/* Begin PBXShellScriptBuildPhase section */
		8AC13D4D16ECABE900EBCF0F /* Check OSXFUSE Installation */ = {
			isa = PBXShellScriptBuildPhase;
			buildActionMask = 2147483647;
			files = (
			);
			inputPaths = (
			);
			name = "Check OSXFUSE Installation";
			outputPaths = (
			);
			runOnlyForDeploymentPostprocessing = 0;
			shellPath = /bin/sh;
			shellScript = "\nif [ ! -e /usr/local/include/osxfuse ]; then\n    echo \"ERROR: OSXFUSE 2.5.x or later is not installed!\"\n    exit 1\nfi\n";
		};
/* End PBXShellScriptBuildPhase section */

/* Begin PBXSourcesBuildPhase section */
		8A3FE86916F5AABC009BF55F /* Sources */ = {
			isa = PBXSourcesBuildPhase;
			buildActionMask = 2147483647;
			files = (
				8A3FE89516F5B273009BF55F /* EasyMount.m in Sources */,
			);
			runOnlyForDeploymentPostprocessing = 0;
		};
		8A4E38B216EA4A8900FB40C5 /* Sources */ = {
			isa = PBXSourcesBuildPhase;
			buildActionMask = 2147483647;
			files = (
				8AC13D4616ECA65600EBCF0F /* fuseiso.c in Sources */,
				8AC13D4716ECA65600EBCF0F /* isofs.cpp in Sources */,
			);
			runOnlyForDeploymentPostprocessing = 0;
		};
/* End PBXSourcesBuildPhase section */

/* Begin PBXTargetDependency section */
		8A3FE8AB16F5B5E1009BF55F /* PBXTargetDependency */ = {
			isa = PBXTargetDependency;
			target = 8A4E38B516EA4A8900FB40C5 /* fuseiso */;
			targetProxy = 8A3FE8AA16F5B5E1009BF55F /* PBXContainerItemProxy */;
		};
/* End PBXTargetDependency section */

/* Begin XCBuildConfiguration section */
		8A3FE88816F5AABC009BF55F /* Debug */ = {
			isa = XCBuildConfiguration;
			buildSettings = {
				CLANG_CXX_LIBRARY = "libc++";
				COMBINE_HIDPI_IMAGES = YES;
				INFOPLIST_FILE = "EasyMount/EasyMount-Info.plist";
				PRODUCT_NAME = "$(TARGET_NAME)";
				WRAPPER_EXTENSION = app;
			};
			name = Debug;
		};
		8A3FE88916F5AABC009BF55F /* Release */ = {
			isa = XCBuildConfiguration;
			buildSettings = {
				CLANG_CXX_LIBRARY = "libc++";
				COMBINE_HIDPI_IMAGES = YES;
				INFOPLIST_FILE = "EasyMount/EasyMount-Info.plist";
				PRODUCT_NAME = "$(TARGET_NAME)";
				WRAPPER_EXTENSION = app;
			};
			name = Release;
		};
		8A4E38BE16EA4A8900FB40C5 /* Debug */ = {
			isa = XCBuildConfiguration;
			buildSettings = {
				ALWAYS_SEARCH_USER_PATHS = NO;
				ARCHS = "$(ARCHS_STANDARD_32_64_BIT)";
				CLANG_CXX_LANGUAGE_STANDARD = "gnu++0x";
				CLANG_WARN_CXX0X_EXTENSIONS = YES;
				CLANG_WARN_EMPTY_BODY = YES;
				CLANG_WARN_IMPLICIT_SIGN_CONVERSION = YES;
				CLANG_WARN_SUSPICIOUS_IMPLICIT_CONVERSION = YES;
				CLANG_WARN__DUPLICATE_METHOD_MATCH = YES;
				COPY_PHASE_STRIP = NO;
				GCC_C_LANGUAGE_STANDARD = gnu99;
				GCC_DYNAMIC_NO_PIC = NO;
				GCC_ENABLE_OBJC_EXCEPTIONS = YES;
				GCC_OPTIMIZATION_LEVEL = 0;
				GCC_PREPROCESSOR_DEFINITIONS = "DEBUG=1";
				GCC_SYMBOLS_PRIVATE_EXTERN = NO;
				GCC_TREAT_IMPLICIT_FUNCTION_DECLARATIONS_AS_ERRORS = YES;
				GCC_TREAT_INCOMPATIBLE_POINTER_TYPE_WARNINGS_AS_ERRORS = YES;
				GCC_WARN_64_TO_32_BIT_CONVERSION = YES;
				GCC_WARN_ABOUT_DEPRECATED_FUNCTIONS = YES;
				GCC_WARN_ABOUT_INVALID_OFFSETOF_MACRO = YES;
				GCC_WARN_ABOUT_MISSING_FIELD_INITIALIZERS = YES;
				GCC_WARN_ABOUT_MISSING_NEWLINE = YES;
				GCC_WARN_ABOUT_MISSING_PROTOTYPES = YES;
				GCC_WARN_ABOUT_POINTER_SIGNEDNESS = YES;
				GCC_WARN_ABOUT_RETURN_TYPE = YES;
				GCC_WARN_CHECK_SWITCH_STATEMENTS = YES;
				GCC_WARN_FOUR_CHARACTER_CONSTANTS = YES;
				GCC_WARN_HIDDEN_VIRTUAL_FUNCTIONS = YES;
				GCC_WARN_INITIALIZER_NOT_FULLY_BRACKETED = YES;
				GCC_WARN_MISSING_PARENTHESES = YES;
				GCC_WARN_NON_VIRTUAL_DESTRUCTOR = YES;
				GCC_WARN_PEDANTIC = YES;
				GCC_WARN_SHADOW = YES;
				GCC_WARN_SIGN_COMPARE = YES;
				GCC_WARN_UNINITIALIZED_AUTOS = YES;
				GCC_WARN_UNKNOWN_PRAGMAS = YES;
				GCC_WARN_UNUSED_FUNCTION = YES;
				GCC_WARN_UNUSED_LABEL = YES;
				GCC_WARN_UNUSED_PARAMETER = YES;
				GCC_WARN_UNUSED_VALUE = YES;
				GCC_WARN_UNUSED_VARIABLE = YES;
				MACOSX_DEPLOYMENT_TARGET = 10.6;
				ONLY_ACTIVE_ARCH = YES;
			};
			name = Debug;
		};
		8A4E38BF16EA4A8900FB40C5 /* Release */ = {
			isa = XCBuildConfiguration;
			buildSettings = {
				ALWAYS_SEARCH_USER_PATHS = NO;
				ARCHS = "$(ARCHS_STANDARD_32_64_BIT)";
				CLANG_CXX_LANGUAGE_STANDARD = "gnu++0x";
				CLANG_WARN_CXX0X_EXTENSIONS = YES;
				CLANG_WARN_EMPTY_BODY = YES;
				CLANG_WARN_IMPLICIT_SIGN_CONVERSION = YES;
				CLANG_WARN_SUSPICIOUS_IMPLICIT_CONVERSION = YES;
				CLANG_WARN__DUPLICATE_METHOD_MATCH = YES;
				COPY_PHASE_STRIP = YES;
				DEBUG_INFORMATION_FORMAT = "dwarf-with-dsym";
				GCC_C_LANGUAGE_STANDARD = gnu99;
				GCC_ENABLE_OBJC_EXCEPTIONS = YES;
				GCC_TREAT_IMPLICIT_FUNCTION_DECLARATIONS_AS_ERRORS = YES;
				GCC_TREAT_INCOMPATIBLE_POINTER_TYPE_WARNINGS_AS_ERRORS = YES;
				GCC_WARN_64_TO_32_BIT_CONVERSION = YES;
				GCC_WARN_ABOUT_DEPRECATED_FUNCTIONS = YES;
				GCC_WARN_ABOUT_INVALID_OFFSETOF_MACRO = YES;
				GCC_WARN_ABOUT_MISSING_FIELD_INITIALIZERS = YES;
				GCC_WARN_ABOUT_MISSING_NEWLINE = YES;
				GCC_WARN_ABOUT_MISSING_PROTOTYPES = YES;
				GCC_WARN_ABOUT_POINTER_SIGNEDNESS = YES;
				GCC_WARN_ABOUT_RETURN_TYPE = YES;
				GCC_WARN_CHECK_SWITCH_STATEMENTS = YES;
				GCC_WARN_FOUR_CHARACTER_CONSTANTS = YES;
				GCC_WARN_HIDDEN_VIRTUAL_FUNCTIONS = YES;
				GCC_WARN_INITIALIZER_NOT_FULLY_BRACKETED = YES;
				GCC_WARN_MISSING_PARENTHESES = YES;
				GCC_WARN_NON_VIRTUAL_DESTRUCTOR = YES;
				GCC_WARN_PEDANTIC = YES;
				GCC_WARN_SHADOW = YES;
				GCC_WARN_SIGN_COMPARE = YES;
				GCC_WARN_UNINITIALIZED_AUTOS = YES;
				GCC_WARN_UNKNOWN_PRAGMAS = YES;
				GCC_WARN_UNUSED_FUNCTION = YES;
				GCC_WARN_UNUSED_LABEL = YES;
				GCC_WARN_UNUSED_PARAMETER = YES;
				GCC_WARN_UNUSED_VALUE = YES;
				GCC_WARN_UNUSED_VARIABLE = YES;
				MACOSX_DEPLOYMENT_TARGET = 10.6;
			};
			name = Release;
		};
		8A4E38C116EA4A8900FB40C5 /* Debug */ = {
			isa = XCBuildConfiguration;
			buildSettings = {
				GCC_PREPROCESSOR_DEFINITIONS = (
					"$(inherited)",
					"_FILE_OFFSET_BITS=64",
					_DARWIN_USE_64_BIT_INODE,
				);
				HEADER_SEARCH_PATHS = (
					"$(inherited)",
					/usr/local/include/osxfuse,
					"$(SRCROOT)",
				);
				LIBRARY_SEARCH_PATHS = (
					"$(inherited)",
					/usr/local/lib,
				);
				PRODUCT_NAME = "$(TARGET_NAME)";
			};
			name = Debug;
		};
		8A4E38C216EA4A8900FB40C5 /* Release */ = {
			isa = XCBuildConfiguration;
			buildSettings = {
				GCC_PREPROCESSOR_DEFINITIONS = (
					"$(inherited)",
					"_FILE_OFFSET_BITS=64",
					_DARWIN_USE_64_BIT_INODE,
				);
				HEADER_SEARCH_PATHS = (
					"$(inherited)",
					/usr/local/include/osxfuse,
					"$(SRCROOT)",
				);
				LIBRARY_SEARCH_PATHS = (
					"$(inherited)",
					/usr/local/lib,
				);
				PRODUCT_NAME = "$(TARGET_NAME)";
			};
			name = Release;
		};
/* End XCBuildConfiguration section */

/* Begin XCConfigurationList section */
		8A3FE88A16F5AABC009BF55F /* Build configuration list for PBXNativeTarget "EasyMount" */ = {
			isa = XCConfigurationList;
			buildConfigurations = (
				8A3FE88816F5AABC009BF55F /* Debug */,
				8A3FE88916F5AABC009BF55F /* Release */,
			);
			defaultConfigurationIsVisible = 0;
			defaultConfigurationName = Release;
		};
		8A4E38B016EA4A8900FB40C5 /* Build configuration list for PBXProject "fuseiso" */ = {
			isa = XCConfigurationList;
			buildConfigurations = (
				8A4E38BE16EA4A8900FB40C5 /* Debug */,
				8A4E38BF16EA4A8900FB40C5 /* Release */,
			);
			defaultConfigurationIsVisible = 0;
			defaultConfigurationName = Release;
		};
		8A4E38C016EA4A8900FB40C5 /* Build configuration list for PBXNativeTarget "fuseiso" */ = {
			isa = XCConfigurationList;
			buildConfigurations = (
				8A4E38C116EA4A8900FB40C5 /* Debug */,
				8A4E38C216EA4A8900FB40C5 /* Release */,
			);
			defaultConfigurationIsVisible = 0;
			defaultConfigurationName = Release;
		};
/* End XCConfigurationList section */
	};
	rootObject = 8A4E38AD16EA4A8900FB40C5 /* Project object */;
}
